
Microsoft Visual Studio Solution File, Format Version 12.00
# Visual Studio 15
VisualStudioVersion = 15.0.28307.438
MinimumVisualStudioVersion = 10.0.40219.1
Project("{888888A0-9F3D-457C-B088-3A5042F75D52}") = "python-rastzier", "python-rastzier.pyproj", "{3C3D615C-8572-4512-AAEB-89A1633872BA}"
EndProject
Global
	GlobalSection(SolutionConfigurationPlatforms) = preSolution
		Debug|Any CPU = Debug|Any CPU
		Release|Any CPU = Release|Any CPU
	EndGlobalSection
	GlobalSection(ProjectConfigurationPlatforms) = postSolution
		{3C3D615C-8572-4512-AAEB-89A1633872BA}.Debug|Any CPU.ActiveCfg = Debug|Any CPU
		{3C3D615C-8572-4512-AAEB-89A1633872BA}.Release|Any CPU.ActiveCfg = Release|Any CPU
	EndGlobalSection
	GlobalSection(SolutionProperties) = preSolution
		HideSolutionNode = FALSE
	EndGlobalSection
	GlobalSection(ExtensibilityGlobals) = postSolution
		SolutionGuid = {308A872E-3BD6-41BF-B2ED-B7C9AA6DF833}
	EndGlobalSection
EndGlobal
